
Microsoft Visual Studio Solution File, Format Version 12.00
# Visual Studio Version 16
VisualStudioVersion = 16.0.30717.126
MinimumVisualStudioVersion = 10.0.40219.1
Project("{FAE04EC0-301F-11D3-BF4B-00C04F79EFBC}") = "Kx.Extensions", "Kx.Extensions\Kx.Extensions.csproj", "{2F105D52-BF87-42F9-9607-D08AB555734B}"
EndProject
Global
	GlobalSection(SolutionConfigurationPlatforms) = preSolution
		Debug|Any CPU = Debug|Any CPU
		Release|Any CPU = Release|Any CPU
	EndGlobalSection
	GlobalSection(ProjectConfigurationPlatforms) = postSolution
		{2F105D52-BF87-42F9-9607-D08AB555734B}.Debug|Any CPU.ActiveCfg = Debug|Any CPU
		{2F105D52-BF87-42F9-9607-D08AB555734B}.Debug|Any CPU.Build.0 = Debug|Any CPU
		{2F105D52-BF87-42F9-9607-D08AB555734B}.Release|Any CPU.ActiveCfg = Release|Any CPU
		{2F105D52-BF87-42F9-9607-D08AB555734B}.Release|Any CPU.Build.0 = Release|Any CPU
	EndGlobalSection
	GlobalSection(SolutionProperties) = preSolution
		HideSolutionNode = FALSE
	EndGlobalSection
	GlobalSection(ExtensibilityGlobals) = postSolution
		SolutionGuid = {DA9C4ED1-E6FD-465F-825F-74D6586596AB}
	EndGlobalSection
EndGlobal
